
Microsoft Visual Studio Solution File, Format Version 12.00
# Visual Studio Version 17
VisualStudioVersion = 17.0.32112.339
MinimumVisualStudioVersion = 10.0.40219.1
Project("{FAE04EC0-301F-11D3-BF4B-00C04F79EFBC}") = "AgenciaForest", "AgenciaForest.csproj", "{E370BB94-9A5D-4C76-BA67-35F52F15D015}"
EndProject
Global
	GlobalSection(SolutionConfigurationPlatforms) = preSolution
		Debug|Any CPU = Debug|Any CPU
		Release|Any CPU = Release|Any CPU
	EndGlobalSection
	GlobalSection(ProjectConfigurationPlatforms) = postSolution
		{E370BB94-9A5D-4C76-BA67-35F52F15D015}.Debug|Any CPU.ActiveCfg = Debug|Any CPU
		{E370BB94-9A5D-4C76-BA67-35F52F15D015}.Debug|Any CPU.Build.0 = Debug|Any CPU
		{E370BB94-9A5D-4C76-BA67-35F52F15D015}.Release|Any CPU.ActiveCfg = Release|Any CPU
		{E370BB94-9A5D-4C76-BA67-35F52F15D015}.Release|Any CPU.Build.0 = Release|Any CPU
	EndGlobalSection
	GlobalSection(SolutionProperties) = preSolution
		HideSolutionNode = FALSE
	EndGlobalSection
	GlobalSection(ExtensibilityGlobals) = postSolution
		SolutionGuid = {E9943641-9D02-4C31-A6C6-90794B1A5088}
	EndGlobalSection
EndGlobal
